{
  "name": "ttt",
  "version": "1.0.0",
  "lockfileVersion": 2,
  "requires": true,
  "packages": {
    "": {
      "name": "ttt",
      "version": "1.0.0",
      "license": "ISC",
      "workspaces": [
        "./packages/*"
      ],
      "dependencies": {
        "@kaihendry/private-pkg-test": "^1.0.0"
      }
    },
    "node_modules/@kaihendry/private-pkg-test": {
      "resolved": "packages/private-pkg-test",
      "link": true
    },
    "packages/private-pkg-test": {
      "name": "@kaihendry/private-pkg-test",
      "version": "2.0.0",
      "license": "ISC"
    }
  },
  "dependencies": {
    "@kaihendry/private-pkg-test": {
      "version": "file:packages/private-pkg-test"
    }
  }
}
